
Microsoft Visual Studio Solution File, Format Version 12.00
# Visual Studio Version 17
VisualStudioVersion = 17.14.36327.8 d17.14
MinimumVisualStudioVersion = 10.0.40219.1
Project("{FAE04EC0-301F-11D3-BF4B-00C04F79EFBC}") = "ExaminationExamBrowser", "ExaminationExamBrowser\ExaminationExamBrowser.csproj", "{0061DCD9-D2F3-4D50-8F02-0B4273728DBD}"
EndProject
Global
	GlobalSection(SolutionConfigurationPlatforms) = preSolution
		Debug|Any CPU = Debug|Any CPU
		Release|Any CPU = Release|Any CPU
	EndGlobalSection
	GlobalSection(ProjectConfigurationPlatforms) = postSolution
		{0061DCD9-D2F3-4D50-8F02-0B4273728DBD}.Debug|Any CPU.ActiveCfg = Debug|Any CPU
		{0061DCD9-D2F3-4D50-8F02-0B4273728DBD}.Debug|Any CPU.Build.0 = Debug|Any CPU
		{0061DCD9-D2F3-4D50-8F02-0B4273728DBD}.Release|Any CPU.ActiveCfg = Release|Any CPU
		{0061DCD9-D2F3-4D50-8F02-0B4273728DBD}.Release|Any CPU.Build.0 = Release|Any CPU
	EndGlobalSection
	GlobalSection(SolutionProperties) = preSolution
		HideSolutionNode = FALSE
	EndGlobalSection
	GlobalSection(ExtensibilityGlobals) = postSolution
		SolutionGuid = {E18DC9DB-D7AD-4429-8C2F-53EEC2D042FB}
	EndGlobalSection
EndGlobal
